{
  "version": "v1",
  "packages": {
    "ft-create-connection-dialog": {
      "signature": "6f8a7cefad248b0875f066a7b7d041f6",
      "file": true
    },
    "ft-element-demo": {
      "signature": "0a85f56af66c83190f4a7b563c318c55",
      "file": true
    },
    "ft-error-behavior": {
      "signature": "6ff4479cae98ebbe8f5684867a9f415e",
      "file": true
    },
    "ft-http-behavior": {
      "signature": "99372eeb8f83b2efedf63854c55cef4f",
      "file": true
    },
    "ft-source-grid": {
      "signature": "7ee575b6c6e0064c3030a7378654054c",
      "file": true
    },
    "ft-source-grid-item": {
      "signature": "73831ba162c2ee6f82e5c649f1600a5a",
      "file": true
    },
    "ft-styler": {
      "signature": "c011acba767e282029abf0b1bdfe272e",
      "file": true
    },
    "ft-confirmation-dialog": {
      "signature": "9ccdaa49a0e3ce7d5e933490bb795bf4",
      "file": true
    },
    "array-filter": {
      "signature": "11b8ce3c28a76cd62ec3dd604498a16a",
      "file": true
    }
  }
}